
Microsoft Visual Studio Solution File, Format Version 12.00
# Visual Studio 15
VisualStudioVersion = 15.0.28010.2046
MinimumVisualStudioVersion = 10.0.40219.1
Project("{FAE04EC0-301F-11D3-BF4B-00C04F79EFBC}") = "TwentyOne", "TwentyOne\TwentyOne.csproj", "{DD38B440-24EF-4BF8-87CF-2B7AC810437D}"
EndProject
Global
	GlobalSection(SolutionConfigurationPlatforms) = preSolution
		Debug|Any CPU = Debug|Any CPU
		Release|Any CPU = Release|Any CPU
	EndGlobalSection
	GlobalSection(ProjectConfigurationPlatforms) = postSolution
		{DD38B440-24EF-4BF8-87CF-2B7AC810437D}.Debug|Any CPU.ActiveCfg = Debug|Any CPU
		{DD38B440-24EF-4BF8-87CF-2B7AC810437D}.Debug|Any CPU.Build.0 = Debug|Any CPU
		{DD38B440-24EF-4BF8-87CF-2B7AC810437D}.Release|Any CPU.ActiveCfg = Release|Any CPU
		{DD38B440-24EF-4BF8-87CF-2B7AC810437D}.Release|Any CPU.Build.0 = Release|Any CPU
	EndGlobalSection
	GlobalSection(SolutionProperties) = preSolution
		HideSolutionNode = FALSE
	EndGlobalSection
	GlobalSection(ExtensibilityGlobals) = postSolution
		SolutionGuid = {7CC0E72F-7D37-4A20-9FE7-3BE1734D3F5D}
	EndGlobalSection
EndGlobal
